github.com/niklasfasching/headless v0.0.0-20210112224806-0b04d9afee92 h1:7PuUlCGolxUCEs0pBWRGm6mAGexeQLDZpQmU1IIJMwk=
github.com/niklasfasching/headless v0.0.0-20210112224806-0b04d9afee92/go.mod h1:RqNc7EvGKbXI8Spzmb01L4Kh/cfJZOtQ4sF42VVL7zk=
github.com/niklasfasching/headless v0.0.0-20210118002734-b8e56c016e22 h1:y0T+i88iQQv+X6s1VMVpyGd2FODFNTF7REZLyjh5VOc=
github.com/niklasfasching/headless v0.0.0-20210118002734-b8e56c016e22/go.mod h1:RqNc7EvGKbXI8Spzmb01L4Kh/cfJZOtQ4sF42VVL7zk=
github.com/niklasfasching/headless v0.0.0-20210526200504-237a572ec88b h1:Zc/E510UWSxZzG4WQnbLIhydeVVyXtL0k75zDivk9mI=
github.com/niklasfasching/headless v0.0.0-20210526200504-237a572ec88b/go.mod h1:RqNc7EvGKbXI8Spzmb01L4Kh/cfJZOtQ4sF42VVL7zk=
github.com/niklasfasching/headless v0.0.0-20210530153145-4622fe92cf52 h1:z4UH1NdS9l6o8iwjnMA4gL2wVHOkj21ewZRdDDoSpqc=
github.com/niklasfasching/headless v0.0.0-20210530153145-4622fe92cf52/go.mod h1:eNtgWNWLiNx0s72IxtwQ/09AThEdyHlaGOJGY1TAxN0=
github.com/niklasfasching/headless v0.0.0-20210530155230-373b4ff499f4 h1:zd4y30l9xOemXvKVRwGt0PghOrisk+8boDtBTLt+cFM=
github.com/niklasfasching/headless v0.0.0-20210530155230-373b4ff499f4/go.mod h1:eNtgWNWLiNx0s72IxtwQ/09AThEdyHlaGOJGY1TAxN0=
github.com/niklasfasching/headless v0.0.0-20210530160850-a20f040891d2 h1:Xoa8I9t2/4t1NHPI89QFsLhSXQKiTpDz3zOYi52zdlI=
github.com/niklasfasching/headless v0.0.0-20210530160850-a20f040891d2/go.mod h1:eNtgWNWLiNx0s72IxtwQ/09AThEdyHlaGOJGY1TAxN0=
github.com/niklasfasching/headless v0.0.0-20210530163849-511c6ad7894d h1:n+74WwMFCqUE/El1EPLYu5Tu2fVphg4xoOdvrmSGnTs=
github.com/niklasfasching/headless v0.0.0-20210530163849-511c6ad7894d/go.mod h1:eNtgWNWLiNx0s72IxtwQ/09AThEdyHlaGOJGY1TAxN0=
github.com/niklasfasching/headless v0.0.0-20210603194154-cc777d3a0b8d h1:M+cvYF361lkxUPKpD+NBFGVkPOzctF1ds7aIm9laZ8A=
github.com/niklasfasching/headless v0.0.0-20210603194154-cc777d3a0b8d/go.mod h1:eNtgWNWLiNx0s72IxtwQ/09AThEdyHlaGOJGY1TAxN0=
github.com/niklasfasching/headless v0.0.0-20210603205053-2b9cc1d51107 h1:Jm0AM6gbnmwlGKYPcyljKLBHq10TNQBfrZQMhjAWKLY=
github.com/niklasfasching/headless v0.0.0-20210603205053-2b9cc1d51107/go.mod h1:eNtgWNWLiNx0s72IxtwQ/09AThEdyHlaGOJGY1TAxN0=
golang.org/x/net v0.0.0-20201224014010-6772e930b67b h1:iFwSg7t5GZmB/Q5TjiEAsdoLDrdJRC1RiF2WhuV29Qw=
golang.org/x/net v0.0.0-20201224014010-6772e930b67b/go.mod h1:m0MpNAwzfU5UDzcl9v0D8zg8gWTRqZa9RBIspLL5mdg=
golang.org/x/net v0.0.0-20210119194325-5f4716e94777 h1:003p0dJM77cxMSyCPFphvZf/Y5/NXf5fzg6ufd1/Oew=
golang.org/x/net v0.0.0-20210119194325-5f4716e94777/go.mod h1:m0MpNAwzfU5UDzcl9v0D8zg8gWTRqZa9RBIspLL5mdg=
golang.org/x/net v0.0.0-20210226172049-e18ecbb05110 h1:qWPm9rbaAMKs8Bq/9LRpbMqxWRVUAQwMI9fVrssnTfw=
golang.org/x/net v0.0.0-20210226172049-e18ecbb05110/go.mod h1:m0MpNAwzfU5UDzcl9v0D8zg8gWTRqZa9RBIspLL5mdg=
golang.org/x/net v0.0.0-20210510120150-4163338589ed h1:p9UgmWI9wKpfYmgaV/IZKGdXc5qEK45tDwwwDyjS26I=
golang.org/x/net v0.0.0-20210510120150-4163338589ed/go.mod h1:9nx3DQGgdP8bBQD5qxJ1jj9UTztislL4KSBs9R2vV5Y=
golang.org/x/net v0.0.0-20210520170846-37e1c6afe023 h1:ADo5wSpq2gqaCGQWzk7S5vd//0iyyLeAratkEoG5dLE=
golang.org/x/net v0.0.0-20210520170846-37e1c6afe023/go.mod h1:9nx3DQGgdP8bBQD5qxJ1jj9UTztislL4KSBs9R2vV5Y=
golang.org/x/net v0.0.0-20210521195947-fe42d452be8f h1:Si4U+UcgJzya9kpiEUJKQvjr512OLli+gL4poHrz93U=
golang.org/x/net v0.0.0-20210521195947-fe42d452be8f/go.mod h1:9nx3DQGgdP8bBQD5qxJ1jj9UTztislL4KSBs9R2vV5Y=
golang.org/x/net v0.0.0-20210525063256-abc453219eb5 h1:wjuX4b5yYQnEQHzd+CBcrcC6OVR2J1CN6mUy0oSxIPo=
golang.org/x/net v0.0.0-20210525063256-abc453219eb5/go.mod h1:9nx3DQGgdP8bBQD5qxJ1jj9UTztislL4KSBs9R2vV5Y=
golang.org/x/sys v0.0.0-20201119102817-f84b799fce68/go.mod h1:h1NjWce9XRLGQEsW7wpKNCjG9DtNlClVuFLEZdDNbEs=
golang.org/x/sys v0.0.0-20210423082822-04245dca01da/go.mod h1:h1NjWce9XRLGQEsW7wpKNCjG9DtNlClVuFLEZdDNbEs=
golang.org/x/term v0.0.0-20201126162022-7de9c90e9dd1/go.mod h1:bj7SfCRtBDWHUb9snDiAeCFNEtKQo2Wmx5Cou7ajbmo=
golang.org/x/text v0.3.3/go.mod h1:5Zoc/QRtKVWzQhOtBMvqHzDpF6irO9z98xDceosuGiQ=
golang.org/x/text v0.3.6/go.mod h1:5Zoc/QRtKVWzQhOtBMvqHzDpF6irO9z98xDceosuGiQ=
golang.org/x/tools v0.0.0-20180917221912-90fa682c2a6e/go.mod h1:n7NCudcB/nEzxVGmLbDWY5pfWTLqBcC2KZ6jyYvM4mQ=
